
Microsoft Visual Studio Solution File, Format Version 12.00
# Visual Studio 15
VisualStudioVersion = 15.0.28307.168
MinimumVisualStudioVersion = 10.0.40219.1
Project("{FAE04EC0-301F-11D3-BF4B-00C04F79EFBC}") = "ReverseStringWhileKeepingDigits", "ReverseStringWhileKeepingDigits\ReverseStringWhileKeepingDigits.csproj", "{A66A28B0-C64C-43F6-BA4D-154CF5F844F4}"
EndProject
Project("{FAE04EC0-301F-11D3-BF4B-00C04F79EFBC}") = "CountNodesBinaryTree", "CountNodesBinaryTree\CountNodesBinaryTree.csproj", "{5D100490-ECF4-4018-8523-4D878B8AC80F}"
EndProject
Project("{FAE04EC0-301F-11D3-BF4B-00C04F79EFBC}") = "MultipleExceptions", "MultipleExceptions\MultipleExceptions.csproj", "{6AB83F6D-DBEC-4624-872A-3A40FF67AC38}"
EndProject
Global
	GlobalSection(SolutionConfigurationPlatforms) = preSolution
		Debug|Any CPU = Debug|Any CPU
		Release|Any CPU = Release|Any CPU
	EndGlobalSection
	GlobalSection(ProjectConfigurationPlatforms) = postSolution
		{A66A28B0-C64C-43F6-BA4D-154CF5F844F4}.Debug|Any CPU.ActiveCfg = Debug|Any CPU
		{A66A28B0-C64C-43F6-BA4D-154CF5F844F4}.Debug|Any CPU.Build.0 = Debug|Any CPU
		{A66A28B0-C64C-43F6-BA4D-154CF5F844F4}.Release|Any CPU.ActiveCfg = Release|Any CPU
		{A66A28B0-C64C-43F6-BA4D-154CF5F844F4}.Release|Any CPU.Build.0 = Release|Any CPU
		{5D100490-ECF4-4018-8523-4D878B8AC80F}.Debug|Any CPU.ActiveCfg = Debug|Any CPU
		{5D100490-ECF4-4018-8523-4D878B8AC80F}.Debug|Any CPU.Build.0 = Debug|Any CPU
		{5D100490-ECF4-4018-8523-4D878B8AC80F}.Release|Any CPU.ActiveCfg = Release|Any CPU
		{5D100490-ECF4-4018-8523-4D878B8AC80F}.Release|Any CPU.Build.0 = Release|Any CPU
		{6AB83F6D-DBEC-4624-872A-3A40FF67AC38}.Debug|Any CPU.ActiveCfg = Debug|Any CPU
		{6AB83F6D-DBEC-4624-872A-3A40FF67AC38}.Debug|Any CPU.Build.0 = Debug|Any CPU
		{6AB83F6D-DBEC-4624-872A-3A40FF67AC38}.Release|Any CPU.ActiveCfg = Release|Any CPU
		{6AB83F6D-DBEC-4624-872A-3A40FF67AC38}.Release|Any CPU.Build.0 = Release|Any CPU
	EndGlobalSection
	GlobalSection(SolutionProperties) = preSolution
		HideSolutionNode = FALSE
	EndGlobalSection
	GlobalSection(ExtensibilityGlobals) = postSolution
		SolutionGuid = {D1D32B4E-069E-45FA-9D97-F7BDCC0CE416}
	EndGlobalSection
EndGlobal
